Microsoft Visual Studio Solution File, Format Version 12.00
# Visual Studio Version 17
VisualStudioVersion = 17.5.2.0
MinimumVisualStudioVersion = 10.0.40219.1
Project("{FAE04EC0-301F-11D3-BF4B-00C04F79EFBC}") = "LidarrFeeder", "LidarrFeeder.csproj", "{152E9CE8-785C-B89C-B9CF-B5A849B79255}"
EndProject
Global
	GlobalSection(SolutionConfigurationPlatforms) = preSolution
		Debug|Any CPU = Debug|Any CPU
		Release|Any CPU = Release|Any CPU
	EndGlobalSection
	GlobalSection(ProjectConfigurationPlatforms) = postSolution
		{152E9CE8-785C-B89C-B9CF-B5A849B79255}.Debug|Any CPU.ActiveCfg = Debug|Any CPU
		{152E9CE8-785C-B89C-B9CF-B5A849B79255}.Debug|Any CPU.Build.0 = Debug|Any CPU
		{152E9CE8-785C-B89C-B9CF-B5A849B79255}.Release|Any CPU.ActiveCfg = Release|Any CPU
		{152E9CE8-785C-B89C-B9CF-B5A849B79255}.Release|Any CPU.Build.0 = Release|Any CPU
	EndGlobalSection
	GlobalSection(SolutionProperties) = preSolution
		HideSolutionNode = FALSE
	EndGlobalSection
	GlobalSection(ExtensibilityGlobals) = postSolution
		SolutionGuid = {49DFBDBD-DDC6-449F-A0DA-06C288B81CDA}
	EndGlobalSection
EndGlobal
